Microsoft Visual Studio Solution File, Format Version 12.00
# Visual Studio Version 17
VisualStudioVersion = 17.5.2.0
MinimumVisualStudioVersion = 10.0.40219.1
Project("{2150E333-8FDC-42A3-9474-1A3956D46DE8}") = "FinanceTrackerAPI", "FinanceTrackerAPI", "{8BD06991-83AF-6AE3-B292-F3586AEB86CF}"
EndProject
Project("{FAE04EC0-301F-11D3-BF4B-00C04F79EFBC}") = "FinanceTrackerAPI", "FinanceTrackerAPI\FinanceTrackerAPI\FinanceTrackerAPI.csproj", "{9E95A9A5-0BE6-05A3-8C49-C05BB8054A3B}"
EndProject
Global
	GlobalSection(SolutionConfigurationPlatforms) = preSolution
		Debug|Any CPU = Debug|Any CPU
		Release|Any CPU = Release|Any CPU
	EndGlobalSection
	GlobalSection(ProjectConfigurationPlatforms) = postSolution
		{9E95A9A5-0BE6-05A3-8C49-C05BB8054A3B}.Debug|Any CPU.ActiveCfg = Debug|Any CPU
		{9E95A9A5-0BE6-05A3-8C49-C05BB8054A3B}.Debug|Any CPU.Build.0 = Debug|Any CPU
		{9E95A9A5-0BE6-05A3-8C49-C05BB8054A3B}.Release|Any CPU.ActiveCfg = Release|Any CPU
		{9E95A9A5-0BE6-05A3-8C49-C05BB8054A3B}.Release|Any CPU.Build.0 = Release|Any CPU
	EndGlobalSection
	GlobalSection(SolutionProperties) = preSolution
		HideSolutionNode = FALSE
	EndGlobalSection
	GlobalSection(NestedProjects) = preSolution
		{9E95A9A5-0BE6-05A3-8C49-C05BB8054A3B} = {8BD06991-83AF-6AE3-B292-F3586AEB86CF}
	EndGlobalSection
	GlobalSection(ExtensibilityGlobals) = postSolution
		SolutionGuid = {ED108EAD-44E7-4AE4-84C2-C8A8D206F821}
	EndGlobalSection
EndGlobal
